
Microsoft Visual Studio Solution File, Format Version 12.00
# Visual Studio Version 16
VisualStudioVersion = 16.0.29519.87
MinimumVisualStudioVersion = 10.0.40219.1
Project("{FAE04EC0-301F-11D3-BF4B-00C04F79EFBC}") = "Touch Screen-2", "Touch Screen-2.csproj", "{DCB6D444-C2DE-4C29-A7BA-BF587D5F3189}"
EndProject
Project("{FAE04EC0-301F-11D3-BF4B-00C04F79EFBC}") = "KNXLib", "KNXLib\KNXLib.csproj", "{CD1911AD-1967-40CB-A1C3-EC2FA562872B}"
EndProject
Global
	GlobalSection(SolutionConfigurationPlatforms) = preSolution
		Debug|Any CPU = Debug|Any CPU
		Release|Any CPU = Release|Any CPU
	EndGlobalSection
	GlobalSection(ProjectConfigurationPlatforms) = postSolution
		{DCB6D444-C2DE-4C29-A7BA-BF587D5F3189}.Debug|Any CPU.ActiveCfg = Debug|Any CPU
		{DCB6D444-C2DE-4C29-A7BA-BF587D5F3189}.Debug|Any CPU.Build.0 = Debug|Any CPU
		{DCB6D444-C2DE-4C29-A7BA-BF587D5F3189}.Release|Any CPU.ActiveCfg = Release|Any CPU
		{DCB6D444-C2DE-4C29-A7BA-BF587D5F3189}.Release|Any CPU.Build.0 = Release|Any CPU
		{CD1911AD-1967-40CB-A1C3-EC2FA562872B}.Debug|Any CPU.ActiveCfg = Debug|Any CPU
		{CD1911AD-1967-40CB-A1C3-EC2FA562872B}.Debug|Any CPU.Build.0 = Debug|Any CPU
		{CD1911AD-1967-40CB-A1C3-EC2FA562872B}.Release|Any CPU.ActiveCfg = Release|Any CPU
		{CD1911AD-1967-40CB-A1C3-EC2FA562872B}.Release|Any CPU.Build.0 = Release|Any CPU
	EndGlobalSection
	GlobalSection(SolutionProperties) = preSolution
		HideSolutionNode = FALSE
	EndGlobalSection
	GlobalSection(ExtensibilityGlobals) = postSolution
		SolutionGuid = {C356CDFD-B2A2-42F1-A457-645FD4C215A1}
	EndGlobalSection
EndGlobal
